// !$*UTF8*$!
{
	archiveVersion = 1;
	classes = {
	};
	objectVersion = 46;
	objects = {

/* Begin PBXBuildFile section */
		AF378B621BF88F4200A4A414 /* Alamofire.framework in Frameworks */ = {isa = PBXBuildFile; fileRef = AF378B531BF88E3100A4A414 /* Alamofire.framework */; };
		AF378B9D1BF8DEED00A4A414 /* Main.storyboard in Resources */ = {isa = PBXBuildFile; fileRef = AF378B9C1BF8DEED00A4A414 /* Main.storyboard */; };
		AFC51D431C14CCEE0054D478 /* Alamofire.framework in Frameworks */ = {isa = PBXBuildFile; fileRef = AF378B531BF88E3100A4A414 /* Alamofire.framework */; };
		AFC51D441C14CCEE0054D478 /* Alamofire.framework in Embed Frameworks */ = {isa = PBXBuildFile; fileRef = AF378B531BF88E3100A4A414 /* Alamofire.framework */; settings = {ATTRIBUTES = (CodeSignOnCopy, RemoveHeadersOnCopy, ); }; };
		AFF5D1751BF831170096B2FC /* AppDelegate.swift in Sources */ = {isa = PBXBuildFile; fileRef = AFF5D1741BF831170096B2FC /* AppDelegate.swift */; };
		AFF5D1771BF831170096B2FC /* ViewController.swift in Sources */ = {isa = PBXBuildFile; fileRef = AFF5D1761BF831170096B2FC /* ViewController.swift */; };
		AFF5D17C1BF831170096B2FC /* Images.xcassets in Resources */ = {isa = PBXBuildFile; fileRef = AFF5D17B1BF831170096B2FC /* Images.xcassets */; };
		AFF5D17F1BF831170096B2FC /* LaunchScreen.xib in Resources */ = {isa = PBXBuildFile; fileRef = AFF5D17D1BF831170096B2FC /* LaunchScreen.xib */; };
/* End PBXBuildFile section */

/* Begin PBXContainerItemProxy section */
		AF378B521BF88E3100A4A414 /* PBXContainerItemProxy */ = {
			isa = PBXContainerItemProxy;
			containerPortal = AF378B481BF88E3000A4A414 /* Alamofire.xcodeproj */;
			proxyType = 2;
			remoteGlobalIDString = F8111E3319A95C8B0040E7D1;
			remoteInfo = "Alamofire iOS";
		};
		AF378B541BF88E3100A4A414 /* PBXContainerItemProxy */ = {
			isa = PBXContainerItemProxy;
			containerPortal = AF378B481BF88E3000A4A414 /* Alamofire.xcodeproj */;
			proxyType = 2;
			remoteGlobalIDString = F8111E3E19A95C8B0040E7D1;
			remoteInfo = "Alamofire iOS Tests";
		};
		AF378B561BF88E3100A4A414 /* PBXContainerItemProxy */ = {
			isa = PBXContainerItemProxy;
			containerPortal = AF378B481BF88E3000A4A414 /* Alamofire.xcodeproj */;
			proxyType = 2;
			remoteGlobalIDString = 4DD67C0B1A5C55C900ED2280;
			remoteInfo = "Alamofire OSX";
		};
		AF378B581BF88E3100A4A414 /* PBXContainerItemProxy */ = {
			isa = PBXContainerItemProxy;
			containerPortal = AF378B481BF88E3000A4A414 /* Alamofire.xcodeproj */;
			proxyType = 2;
			remoteGlobalIDString = F829C6B21A7A94F100A2CD59;
			remoteInfo = "Alamofire OSX Tests";
		};
		AF378B5A1BF88E3100A4A414 /* PBXContainerItemProxy */ = {
			isa = PBXContainerItemProxy;
			containerPortal = AF378B481BF88E3000A4A414 /* Alamofire.xcodeproj */;
			proxyType = 2;
			remoteGlobalIDString = 4CF626EF1BA7CB3E0011A099;
			remoteInfo = "Alamofire tvOS";
		};
		AF378B5C1BF88E3100A4A414 /* PBXContainerItemProxy */ = {
			isa = PBXContainerItemProxy;
			containerPortal = AF378B481BF88E3000A4A414 /* Alamofire.xcodeproj */;
			proxyType = 2;
			remoteGlobalIDString = 4CF626F81BA7CB3E0011A099;
			remoteInfo = "Alamofire tvOS Tests";
		};
		AF378B5E1BF88E3100A4A414 /* PBXContainerItemProxy */ = {
			isa = PBXContainerItemProxy;
			containerPortal = AF378B481BF88E3000A4A414 /* Alamofire.xcodeproj */;
			proxyType = 2;
			remoteGlobalIDString = E4202FE01B667AA100C997FB;
			remoteInfo = "Alamofire watchOS";
		};
		AF378B601BF88F2600A4A414 /* PBXContainerItemProxy */ = {
			isa = PBXContainerItemProxy;
			containerPortal = AF378B481BF88E3000A4A414 /* Alamofire.xcodeproj */;
			proxyType = 1;
			remoteGlobalIDString = F8111E3219A95C8B0040E7D1;
			remoteInfo = "Alamofire iOS";
		};
		AFC51D451C14CCEE0054D478 /* PBXContainerItemProxy */ = {
			isa = PBXContainerItemProxy;
			containerPortal = AF378B481BF88E3000A4A414 /* Alamofire.xcodeproj */;
			proxyType = 1;
			remoteGlobalIDString = F8111E3219A95C8B0040E7D1;
			remoteInfo = "Alamofire iOS";
		};
/* End PBXContainerItemProxy section */

/* Begin PBXCopyFilesBuildPhase section */
		AFF5D1E31BF835790096B2FC /* Embed Frameworks */ = {
			isa = PBXCopyFilesBuildPhase;
			buildActionMask = 2147483647;
			dstPath = "";
			dstSubfolderSpec = 10;
			files = (
				AFC51D441C14CCEE0054D478 /* Alamofire.framework in Embed Frameworks */,
			);
			name = "Embed Frameworks";
			runOnlyForDeploymentPostprocessing = 0;
		};
/* End PBXCopyFilesBuildPhase section */

/* Begin PBXFileReference section */
		AF378B481BF88E3000A4A414 /* Alamofire.xcodeproj */ = {isa = PBXFileReference; lastKnownFileType = "wrapper.pb-project"; name = Alamofire.xcodeproj; path = ../Alamofire/Alamofire.xcodeproj; sourceTree = "<group>"; };
		AF378B9C1BF8DEED00A4A414 /* Main.storyboard */ = {isa = PBXFileReference; fileEncoding = 4; lastKnownFileType = file.storyboard; name = Main.storyboard; path = Base.lproj/Main.storyboard; sourceTree = "<group>"; };
		AFF5D16F1BF831170096B2FC /* Mobilne.app */ = {isa = PBXFileReference; explicitFileType = wrapper.application; includeInIndex = 0; path = Mobilne.app; sourceTree = BUILT_PRODUCTS_DIR; };
		AFF5D1731BF831170096B2FC /* Info.plist */ = {isa = PBXFileReference; lastKnownFileType = text.plist.xml; path = Info.plist; sourceTree = "<group>"; };
		AFF5D1741BF831170096B2FC /* AppDelegate.swift */ = {isa = PBXFileReference; lastKnownFileType = sourcecode.swift; path = AppDelegate.swift; sourceTree = "<group>"; };
		AFF5D1761BF831170096B2FC /* ViewController.swift */ = {isa = PBXFileReference; lastKnownFileType = sourcecode.swift; path = ViewController.swift; sourceTree = "<group>"; };
		AFF5D17B1BF831170096B2FC /* Images.xcassets */ = {isa = PBXFileReference; lastKnownFileType = folder.assetcatalog; path = Images.xcassets; sourceTree = "<group>"; };
		AFF5D17E1BF831170096B2FC /* Base */ = {isa = PBXFileReference; lastKnownFileType = file.xib; name = Base; path = Base.lproj/LaunchScreen.xib; sourceTree = "<group>"; };
/* End PBXFileReference section */

/* Begin PBXFrameworksBuildPhase section */
		AFF5D16C1BF831170096B2FC /* Frameworks */ = {
			isa = PBXFrameworksBuildPhase;
			buildActionMask = 2147483647;
			files = (
				AF378B621BF88F4200A4A414 /* Alamofire.framework in Frameworks */,
				AFC51D431C14CCEE0054D478 /* Alamofire.framework in Frameworks */,
			);
			runOnlyForDeploymentPostprocessing = 0;
		};
/* End PBXFrameworksBuildPhase section */

/* Begin PBXGroup section */
		AF378B491BF88E3000A4A414 /* Products */ = {
			isa = PBXGroup;
			children = (
				AF378B531BF88E3100A4A414 /* Alamofire.framework */,
				AF378B551BF88E3100A4A414 /* Alamofire iOS Tests.xctest */,
				AF378B571BF88E3100A4A414 /* Alamofire.framework */,
				AF378B591BF88E3100A4A414 /* Alamofire OSX Tests.xctest */,
				AF378B5B1BF88E3100A4A414 /* Alamofire.framework */,
				AF378B5D1BF88E3100A4A414 /* Alamofire tvOS Tests.xctest */,
				AF378B5F1BF88E3100A4A414 /* Alamofire.framework */,
			);
			name = Products;
			sourceTree = "<group>";
		};
		AFF5D1661BF831170096B2FC = {
			isa = PBXGroup;
			children = (
				AFF5D1711BF831170096B2FC /* Mobilne */,
				AFF5D1701BF831170096B2FC /* Products */,
				AF378B481BF88E3000A4A414 /* Alamofire.xcodeproj */,
			);
			sourceTree = "<group>";
		};
		AFF5D1701BF831170096B2FC /* Products */ = {
			isa = PBXGroup;
			children = (
				AFF5D16F1BF831170096B2FC /* Mobilne.app */,
			);
			name = Products;
			sourceTree = "<group>";
		};
		AFF5D1711BF831170096B2FC /* Mobilne */ = {
			isa = PBXGroup;
			children = (
				AFF5D1741BF831170096B2FC /* AppDelegate.swift */,
				AFF5D1761BF831170096B2FC /* ViewController.swift */,
				AFF5D17B1BF831170096B2FC /* Images.xcassets */,
				AF378B9C1BF8DEED00A4A414 /* Main.storyboard */,
				AFF5D17D1BF831170096B2FC /* LaunchScreen.xib */,
				AFF5D1721BF831170096B2FC /* Supporting Files */,
			);
			path = Mobilne;
			sourceTree = "<group>";
		};
		AFF5D1721BF831170096B2FC /* Supporting Files */ = {
			isa = PBXGroup;
			children = (
				AFF5D1731BF831170096B2FC /* Info.plist */,
			);
			name = "Supporting Files";
			sourceTree = "<group>";
		};
/* End PBXGroup section */

/* Begin PBXNativeTarget section */
		AFF5D16E1BF831170096B2FC /* Mobilne */ = {
			isa = PBXNativeTarget;
			buildConfigurationList = AFF5D18E1BF831180096B2FC /* Build configuration list for PBXNativeTarget "Mobilne" */;
			buildPhases = (
				AFF5D16B1BF831170096B2FC /* Sources */,
				AFF5D16C1BF831170096B2FC /* Frameworks */,
				AFF5D16D1BF831170096B2FC /* Resources */,
				AFF5D1E31BF835790096B2FC /* Embed Frameworks */,
			);
			buildRules = (
			);
			dependencies = (
				AF378B611BF88F2600A4A414 /* PBXTargetDependency */,
				AFC51D461C14CCEE0054D478 /* PBXTargetDependency */,
			);
			name = Mobilne;
			productName = Mobilne;
			productReference = AFF5D16F1BF831170096B2FC /* Mobilne.app */;
			productType = "com.apple.product-type.application";
		};
/* End PBXNativeTarget section */

/* Begin PBXProject section */
		AFF5D1671BF831170096B2FC /* Project object */ = {
			isa = PBXProject;
			attributes = {
				LastSwiftMigration = 0710;
				LastSwiftUpdateCheck = 0710;
				LastUpgradeCheck = 0710;
				ORGANIZATIONNAME = "Aleksander Kantak";
				TargetAttributes = {
					AFF5D16E1BF831170096B2FC = {
						CreatedOnToolsVersion = 6.2;
						DevelopmentTeam = LLMT2Z4VZP;
					};
				};
			};
			buildConfigurationList = AFF5D16A1BF831170096B2FC /* Build configuration list for PBXProject "Mobilne" */;
			compatibilityVersion = "Xcode 3.2";
			developmentRegion = English;
			hasScannedForEncodings = 0;
			knownRegions = (
				en,
				Base,
			);
			mainGroup = AFF5D1661BF831170096B2FC;
			productRefGroup = AFF5D1701BF831170096B2FC /* Products */;
			projectDirPath = "";
			projectReferences = (
				{
					ProductGroup = AF378B491BF88E3000A4A414 /* Products */;
					ProjectRef = AF378B481BF88E3000A4A414 /* Alamofire.xcodeproj */;
				},
			);
			projectRoot = "";
			targets = (
				AFF5D16E1BF831170096B2FC /* Mobilne */,
			);
		};
/* End PBXProject section */

/* Begin PBXReferenceProxy section */
		AF378B531BF88E3100A4A414 /* Alamofire.framework */ = {
			isa = PBXReferenceProxy;
			fileType = wrapper.framework;
			path = Alamofire.framework;
			remoteRef = AF378B521BF88E3100A4A414 /* PBXContainerItemProxy */;
			sourceTree = BUILT_PRODUCTS_DIR;
		};
		AF378B551BF88E3100A4A414 /* Alamofire iOS Tests.xctest */ = {
			isa = PBXReferenceProxy;
			fileType = wrapper.cfbundle;
			path = "Alamofire iOS Tests.xctest";
			remoteRef = AF378B541BF88E3100A4A414 /* PBXContainerItemProxy */;
			sourceTree = BUILT_PRODUCTS_DIR;
		};
		AF378B571BF88E3100A4A414 /* Alamofire.framework */ = {
			isa = PBXReferenceProxy;
			fileType = wrapper.framework;
			path = Alamofire.framework;
			remoteRef = AF378B561BF88E3100A4A414 /* PBXContainerItemProxy */;
			sourceTree = BUILT_PRODUCTS_DIR;
		};
		AF378B591BF88E3100A4A414 /* Alamofire OSX Tests.xctest */ = {
			isa = PBXReferenceProxy;
			fileType = wrapper.cfbundle;
			path = "Alamofire OSX Tests.xctest";
			remoteRef = AF378B581BF88E3100A4A414 /* PBXContainerItemProxy */;
			sourceTree = BUILT_PRODUCTS_DIR;
		};
		AF378B5B1BF88E3100A4A414 /* Alamofire.framework */ = {
			isa = PBXReferenceProxy;
			fileType = wrapper.framework;
			path = Alamofire.framework;
			remoteRef = AF378B5A1BF88E3100A4A414 /* PBXContainerItemProxy */;
			sourceTree = BUILT_PRODUCTS_DIR;
		};
		AF378B5D1BF88E3100A4A414 /* Alamofire tvOS Tests.xctest */ = {
			isa = PBXReferenceProxy;
			fileType = wrapper.cfbundle;
			path = "Alamofire tvOS Tests.xctest";
			remoteRef = AF378B5C1BF88E3100A4A414 /* PBXContainerItemProxy */;
			sourceTree = BUILT_PRODUCTS_DIR;
		};
		AF378B5F1BF88E3100A4A414 /* Alamofire.framework */ = {
			isa = PBXReferenceProxy;
			fileType = wrapper.framework;
			path = Alamofire.framework;
			remoteRef = AF378B5E1BF88E3100A4A414 /* PBXContainerItemProxy */;
			sourceTree = BUILT_PRODUCTS_DIR;
		};
/* End PBXReferenceProxy section */

/* Begin PBXResourcesBuildPhase section */
		AFF5D16D1BF831170096B2FC /* Resources */ = {
			isa = PBXResourcesBuildPhase;
			buildActionMask = 2147483647;
			files = (
				AFF5D17F1BF831170096B2FC /* LaunchScreen.xib in Resources */,
				AFF5D17C1BF831170096B2FC /* Images.xcassets in Resources */,
				AF378B9D1BF8DEED00A4A414 /* Main.storyboard in Resources */,
			);
			runOnlyForDeploymentPostprocessing = 0;
		};
/* End PBXResourcesBuildPhase section */

/* Begin PBXSourcesBuildPhase section */
		AFF5D16B1BF831170096B2FC /* Sources */ = {
			isa = PBXSourcesBuildPhase;
			buildActionMask = 2147483647;
			files = (
				AFF5D1771BF831170096B2FC /* ViewController.swift in Sources */,
				AFF5D1751BF831170096B2FC /* AppDelegate.swift in Sources */,
			);
			runOnlyForDeploymentPostprocessing = 0;
		};
/* End PBXSourcesBuildPhase section */

/* Begin PBXTargetDependency section */
		AF378B611BF88F2600A4A414 /* PBXTargetDependency */ = {
			isa = PBXTargetDependency;
			name = "Alamofire iOS";
			targetProxy = AF378B601BF88F2600A4A414 /* PBXContainerItemProxy */;
		};
		AFC51D461C14CCEE0054D478 /* PBXTargetDependency */ = {
			isa = PBXTargetDependency;
			name = "Alamofire iOS";
			targetProxy = AFC51D451C14CCEE0054D478 /* PBXContainerItemProxy */;
		};
/* End PBXTargetDependency section */

/* Begin PBXVariantGroup section */
		AFF5D17D1BF831170096B2FC /* LaunchScreen.xib */ = {
			isa = PBXVariantGroup;
			children = (
				AFF5D17E1BF831170096B2FC /* Base */,
			);
			name = LaunchScreen.xib;
			sourceTree = "<group>";
		};
/* End PBXVariantGroup section */

/* Begin XCBuildConfiguration section */
		AFF5D18C1BF831180096B2FC /* Debug */ = {
			isa = XCBuildConfiguration;
			buildSettings = {
				ALWAYS_SEARCH_USER_PATHS = NO;
				CLANG_CXX_LANGUAGE_STANDARD = "gnu++0x";
				CLANG_CXX_LIBRARY = "libc++";
				CLANG_ENABLE_MODULES = YES;
				CLANG_ENABLE_OBJC_ARC = YES;
				CLANG_WARN_BOOL_CONVERSION = YES;
				CLANG_WARN_CONSTANT_CONVERSION = YES;
				CLANG_WARN_DIRECT_OBJC_ISA_USAGE = YES_ERROR;
				CLANG_WARN_EMPTY_BODY = YES;
				CLANG_WARN_ENUM_CONVERSION = YES;
				CLANG_WARN_INT_CONVERSION = YES;
				CLANG_WARN_OBJC_ROOT_CLASS = YES_ERROR;
				CLANG_WARN_UNREACHABLE_CODE = YES;
				CLANG_WARN__DUPLICATE_METHOD_MATCH = YES;
				"CODE_SIGN_IDENTITY[sdk=iphoneos*]" = "iPhone Developer";
				COPY_PHASE_STRIP = NO;
				ENABLE_STRICT_OBJC_MSGSEND = YES;
				ENABLE_TESTABILITY = YES;
				GCC_C_LANGUAGE_STANDARD = gnu99;
				GCC_DYNAMIC_NO_PIC = NO;
				GCC_OPTIMIZATION_LEVEL = 0;
				GCC_PREPROCESSOR_DEFINITIONS = (
					"DEBUG=1",
					"$(inherited)",
				);
				GCC_SYMBOLS_PRIVATE_EXTERN = NO;
				GCC_WARN_64_TO_32_BIT_CONVERSION = YES;
				GCC_WARN_ABOUT_RETURN_TYPE = YES_ERROR;
				GCC_WARN_UNDECLARED_SELECTOR = YES;
				GCC_WARN_UNINITIALIZED_AUTOS = YES_AGGRESSIVE;
				GCC_WARN_UNUSED_FUNCTION = YES;
				GCC_WARN_UNUSED_VARIABLE = YES;
				IPHONEOS_DEPLOYMENT_TARGET = 8.2;
				MTL_ENABLE_DEBUG_INFO = YES;
				ONLY_ACTIVE_ARCH = YES;
				SDKROOT = iphoneos;
				SWIFT_OPTIMIZATION_LEVEL = "-Onone";
			};
			name = Debug;
		};
		AFF5D18D1BF831180096B2FC /* Release */ = {
			isa = XCBuildConfiguration;
			buildSettings = {
				ALWAYS_SEARCH_USER_PATHS = NO;
				CLANG_CXX_LANGUAGE_STANDARD = "gnu++0x";
				CLANG_CXX_LIBRARY = "libc++";
				CLANG_ENABLE_MODULES = YES;
				CLANG_ENABLE_OBJC_ARC = YES;
				CLANG_WARN_BOOL_CONVERSION = YES;
				CLANG_WARN_CONSTANT_CONVERSION = YES;
				CLANG_WARN_DIRECT_OBJC_ISA_USAGE = YES_ERROR;
				CLANG_WARN_EMPTY_BODY = YES;
				CLANG_WARN_ENUM_CONVERSION = YES;
				CLANG_WARN_INT_CONVERSION = YES;
				CLANG_WARN_OBJC_ROOT_CLASS = YES_ERROR;
				CLANG_WARN_UNREACHABLE_CODE = YES;
				CLANG_WARN__DUPLICATE_METHOD_MATCH = YES;
				"CODE_SIGN_IDENTITY[sdk=iphoneos*]" = "iPhone Developer";
				COPY_PHASE_STRIP = NO;
				ENABLE_NS_ASSERTIONS = NO;
				ENABLE_STRICT_OBJC_MSGSEND = YES;
				GCC_C_LANGUAGE_STANDARD = gnu99;
				GCC_WARN_64_TO_32_BIT_CONVERSION = YES;
				GCC_WARN_ABOUT_RETURN_TYPE = YES_ERROR;
				GCC_WARN_UNDECLARED_SELECTOR = YES;
				GCC_WARN_UNINITIALIZED_AUTOS = YES_AGGRESSIVE;
				GCC_WARN_UNUSED_FUNCTION = YES;
				GCC_WARN_UNUSED_VARIABLE = YES;
				IPHONEOS_DEPLOYMENT_TARGET = 8.2;
				MTL_ENABLE_DEBUG_INFO = NO;
				SDKROOT = iphoneos;
				VALIDATE_PRODUCT = YES;
			};
			name = Release;
		};
		AFF5D18F1BF831180096B2FC /* Debug */ = {
			isa = XCBuildConfiguration;
			buildSettings = {
				ASSETCATALOG_COMPILER_APPICON_NAME = AppIcon;
				CODE_SIGN_IDENTITY = "iPhone Developer";
				"CODE_SIGN_IDENTITY[sdk=iphoneos*]" = "iPhone Developer";
				EMBEDDED_CONTENT_CONTAINS_SWIFT = YES;
				INFOPLIST_FILE = Mobilne/Info.plist;
				LD_RUNPATH_SEARCH_PATHS = "$(inherited) @executable_path/Frameworks";
				PRODUCT_BUNDLE_IDENTIFIER = "AK.$(PRODUCT_NAME:rfc1034identifier)";
				PRODUCT_NAME = "$(TARGET_NAME)";
				PROVISIONING_PROFILE = "";
			};
			name = Debug;
		};
		AFF5D1901BF831180096B2FC /* Release */ = {
			isa = XCBuildConfiguration;
			buildSettings = {
				ASSETCATALOG_COMPILER_APPICON_NAME = AppIcon;
				CODE_SIGN_IDENTITY = "iPhone Developer";
				"CODE_SIGN_IDENTITY[sdk=iphoneos*]" = "iPhone Developer";
				EMBEDDED_CONTENT_CONTAINS_SWIFT = YES;
				INFOPLIST_FILE = Mobilne/Info.plist;
				LD_RUNPATH_SEARCH_PATHS = "$(inherited) @executable_path/Frameworks";
				PRODUCT_BUNDLE_IDENTIFIER = "AK.$(PRODUCT_NAME:rfc1034identifier)";
				PRODUCT_NAME = "$(TARGET_NAME)";
				PROVISIONING_PROFILE = "";
			};
			name = Release;
		};
/* End XCBuildConfiguration section */

/* Begin XCConfigurationList section */
		AFF5D16A1BF831170096B2FC /* Build configuration list for PBXProject "Mobilne" */ = {
			isa = XCConfigurationList;
			buildConfigurations = (
				AFF5D18C1BF831180096B2FC /* Debug */,
				AFF5D18D1BF831180096B2FC /* Release */,
			);
			defaultConfigurationIsVisible = 0;
			defaultConfigurationName = Release;
		};
		AFF5D18E1BF831180096B2FC /* Build configuration list for PBXNativeTarget "Mobilne" */ = {
			isa = XCConfigurationList;
			buildConfigurations = (
				AFF5D18F1BF831180096B2FC /* Debug */,
				AFF5D1901BF831180096B2FC /* Release */,
			);
			defaultConfigurationIsVisible = 0;
			defaultConfigurationName = Release;
		};
/* End XCConfigurationList section */
	};
	rootObject = AFF5D1671BF831170096B2FC /* Project object */;
}
